// !$*UTF8*$!
{
	archiveVersion = 1;
	classes = {
	};
	objectVersion = 46;
	objects = {

/* Begin PBXBuildFile section */
		5A2A0F921AD8172F0055C254 /* main.m in Sources */ = {isa = PBXBuildFile; fileRef = 5A2A0F911AD8172F0055C254 /* main.m */; };
		5A2A0F951AD8172F0055C254 /* AppDelegate.m in Sources */ = {isa = PBXBuildFile; fileRef = 5A2A0F941AD8172F0055C254 /* AppDelegate.m */; };
		5A2A0F981AD8172F0055C254 /* Complete_iOS_Toolkit.xcdatamodeld in Sources */ = {isa = PBXBuildFile; fileRef = 5A2A0F961AD8172F0055C254 /* Complete_iOS_Toolkit.xcdatamodeld */; };
		5A2A0F9B1AD8172F0055C254 /* ViewController.m in Sources */ = {isa = PBXBuildFile; fileRef = 5A2A0F9A1AD8172F0055C254 /* ViewController.m */; };
		5A2A0F9E1AD8172F0055C254 /* Main.storyboard in Resources */ = {isa = PBXBuildFile; fileRef = 5A2A0F9C1AD8172F0055C254 /* Main.storyboard */; };
		5A2A0FA01AD8172F0055C254 /* Images.xcassets in Resources */ = {isa = PBXBuildFile; fileRef = 5A2A0F9F1AD8172F0055C254 /* Images.xcassets */; };
		5A2A0FA31AD8172F0055C254 /* LaunchScreen.xib in Resources */ = {isa = PBXBuildFile; fileRef = 5A2A0FA11AD8172F0055C254 /* LaunchScreen.xib */; };
		5A2A0FAF1AD8172F0055C254 /* Complete_iOS_ToolkitTests.m in Sources */ = {isa = PBXBuildFile; fileRef = 5A2A0FAE1AD8172F0055C254 /* Complete_iOS_ToolkitTests.m */; };
		5A88D0FF1ADD634F00A5E51E /* IAPHelper.m in Sources */ = {isa = PBXBuildFile; fileRef = 5A88D0FE1ADD634F00A5E51E /* IAPHelper.m */; };
		5A88D1021ADD637900A5E51E /* AppUserDefaults.m in Sources */ = {isa = PBXBuildFile; fileRef = 5A88D1011ADD637900A5E51E /* AppUserDefaults.m */; };
		5A88D10F1ADE09E200A5E51E /* back.png in Resources */ = {isa = PBXBuildFile; fileRef = 5A88D1071ADE09E200A5E51E /* back.png */; };
		5A88D1101ADE09E200A5E51E /* forward.png in Resources */ = {isa = PBXBuildFile; fileRef = 5A88D1081ADE09E200A5E51E /* forward.png */; };
		5A88D1111ADE09E200A5E51E /* infobut.png in Resources */ = {isa = PBXBuildFile; fileRef = 5A88D1091ADE09E200A5E51E /* infobut.png */; };
		5A88D1121ADE09E200A5E51E /* menu.png in Resources */ = {isa = PBXBuildFile; fileRef = 5A88D10A1ADE09E200A5E51E /* menu.png */; };
		5A88D1131ADE09E200A5E51E /* reload.png in Resources */ = {isa = PBXBuildFile; fileRef = 5A88D10B1ADE09E200A5E51E /* reload.png */; };
		5A88D1141ADE09E200A5E51E /* settings.png in Resources */ = {isa = PBXBuildFile; fileRef = 5A88D10C1ADE09E200A5E51E /* settings.png */; };
		5A88D1151ADE09E200A5E51E /* settingsbut.png in Resources */ = {isa = PBXBuildFile; fileRef = 5A88D10D1ADE09E200A5E51E /* settingsbut.png */; };
		5A88D1161ADE09E200A5E51E /* share.png in Resources */ = {isa = PBXBuildFile; fileRef = 5A88D10E1ADE09E200A5E51E /* share.png */; };
		5A88D11A1ADE0A1D00A5E51E /* background.png in Resources */ = {isa = PBXBuildFile; fileRef = 5A88D1171ADE0A1D00A5E51E /* background.png */; };
		5A88D11B1ADE0A1D00A5E51E /* local.json in Resources */ = {isa = PBXBuildFile; fileRef = 5A88D1181ADE0A1D00A5E51E /* local.json */; };
		5A88D11C1ADE0A1D00A5E51E /* logo.png in Resources */ = {isa = PBXBuildFile; fileRef = 5A88D1191ADE0A1D00A5E51E /* logo.png */; };
		5A88D1201ADF2BB300A5E51E /* Default-568h.png in Resources */ = {isa = PBXBuildFile; fileRef = 5A88D11F1ADF2BB300A5E51E /* Default-568h.png */; };
		5A88D1271AE02B2700A5E51E /* GoogleMobileAds.framework in Frameworks */ = {isa = PBXBuildFile; fileRef = 5A8E3B341ADCA69800D80401 /* GoogleMobileAds.framework */; };
		5A88D1281AE02B2A00A5E51E /* libAdapterIAd.a in Frameworks */ = {isa = PBXBuildFile; fileRef = 5A8E3B351ADCA69800D80401 /* libAdapterIAd.a */; };
		5A8E3B321ADCA67300D80401 /* iRate.bundle in Resources */ = {isa = PBXBuildFile; fileRef = 5A8E3B2F1ADCA67300D80401 /* iRate.bundle */; };
		5A8E3B331ADCA67300D80401 /* iRate.m in Sources */ = {isa = PBXBuildFile; fileRef = 5A8E3B311ADCA67300D80401 /* iRate.m */; };
		5A8E3B391ADCA69800D80401 /* README.txt in Resources */ = {isa = PBXBuildFile; fileRef = 5A8E3B361ADCA69800D80401 /* README.txt */; };
		5AD922901ADAD7C00004D0C7 /* AdSupport.framework in Frameworks */ = {isa = PBXBuildFile; fileRef = 5AD9228F1ADAD7C00004D0C7 /* AdSupport.framework */; };
		5AD922921ADAD7CD0004D0C7 /* AudioToolbox.framework in Frameworks */ = {isa = PBXBuildFile; fileRef = 5AD922911ADAD7CD0004D0C7 /* AudioToolbox.framework */; };
		5AD922941ADAD7D50004D0C7 /* AVFoundation.framework in Frameworks */ = {isa = PBXBuildFile; fileRef = 5AD922931ADAD7D50004D0C7 /* AVFoundation.framework */; };
		5AD922961ADAD7E50004D0C7 /* CoreGraphics.framework in Frameworks */ = {isa = PBXBuildFile; fileRef = 5AD922951ADAD7E50004D0C7 /* CoreGraphics.framework */; };
		5AD922981ADAD7EF0004D0C7 /* CoreMedia.framework in Frameworks */ = {isa = PBXBuildFile; fileRef = 5AD922971ADAD7EF0004D0C7 /* CoreMedia.framework */; };
		5AD9229A1ADAD7FD0004D0C7 /* CoreTelephony.framework in Frameworks */ = {isa = PBXBuildFile; fileRef = 5AD922991ADAD7FD0004D0C7 /* CoreTelephony.framework */; };
		5AD9229D1ADAD8080004D0C7 /* EventKit.framework in Frameworks */ = {isa = PBXBuildFile; fileRef = 5AD9229B1ADAD8080004D0C7 /* EventKit.framework */; };
		5AD9229E1ADAD8080004D0C7 /* EventKitUI.framework in Frameworks */ = {isa = PBXBuildFile; fileRef = 5AD9229C1ADAD8080004D0C7 /* EventKitUI.framework */; };
		5AD922A01ADAD8140004D0C7 /* MessageUI.framework in Frameworks */ = {isa = PBXBuildFile; fileRef = 5AD9229F1ADAD8140004D0C7 /* MessageUI.framework */; };
		5AD922A21ADAD81F0004D0C7 /* StoreKit.framework in Frameworks */ = {isa = PBXBuildFile; fileRef = 5AD922A11ADAD81F0004D0C7 /* StoreKit.framework */; };
		5AD922A41ADAD8300004D0C7 /* SystemConfiguration.framework in Frameworks */ = {isa = PBXBuildFile; fileRef = 5AD922A31ADAD8300004D0C7 /* SystemConfiguration.framework */; };
		5AD922A61ADAD9810004D0C7 /* iAd.framework in Frameworks */ = {isa = PBXBuildFile; fileRef = 5AD922A51ADAD9810004D0C7 /* iAd.framework */; };
		5AD922B81ADAE8020004D0C7 /* PushController.m in Sources */ = {isa = PBXBuildFile; fileRef = 5AD922B71ADAE8020004D0C7 /* PushController.m */; };
/* End PBXBuildFile section */

/* Begin PBXContainerItemProxy section */
		5A2A0FA91AD8172F0055C254 /* PBXContainerItemProxy */ = {
			isa = PBXContainerItemProxy;
			containerPortal = 5A2A0F841AD8172F0055C254 /* Project object */;
			proxyType = 1;
			remoteGlobalIDString = 5A2A0F8B1AD8172F0055C254;
			remoteInfo = "Complete iOS Toolkit";
		};
/* End PBXContainerItemProxy section */

/* Begin PBXFileReference section */
		5A2A0F8C1AD8172F0055C254 /* Complete iOS Toolkit.app */ = {isa = PBXFileReference; explicitFileType = wrapper.application; includeInIndex = 0; path = "Complete iOS Toolkit.app"; sourceTree = BUILT_PRODUCTS_DIR; };
		5A2A0F901AD8172F0055C254 /* Info.plist */ = {isa = PBXFileReference; lastKnownFileType = text.plist.xml; path = Info.plist; sourceTree = "<group>"; };
		5A2A0F911AD8172F0055C254 /* main.m */ = {isa = PBXFileReference; lastKnownFileType = sourcecode.c.objc; path = main.m; sourceTree = "<group>"; };
		5A2A0F931AD8172F0055C254 /* AppDelegate.h */ = {isa = PBXFileReference; lastKnownFileType = sourcecode.c.h; path = AppDelegate.h; sourceTree = "<group>"; };
		5A2A0F941AD8172F0055C254 /* AppDelegate.m */ = {isa = PBXFileReference; lastKnownFileType = sourcecode.c.objc; path = AppDelegate.m; sourceTree = "<group>"; };
		5A2A0F971AD8172F0055C254 /* Complete_iOS_Toolkit.xcdatamodel */ = {isa = PBXFileReference; lastKnownFileType = wrapper.xcdatamodel; path = Complete_iOS_Toolkit.xcdatamodel; sourceTree = "<group>"; };
		5A2A0F991AD8172F0055C254 /* ViewController.h */ = {isa = PBXFileReference; lastKnownFileType = sourcecode.c.h; path = ViewController.h; sourceTree = "<group>"; };
		5A2A0F9A1AD8172F0055C254 /* ViewController.m */ = {isa = PBXFileReference; lastKnownFileType = sourcecode.c.objc; path = ViewController.m; sourceTree = "<group>"; };
		5A2A0F9D1AD8172F0055C254 /* Base */ = {isa = PBXFileReference; lastKnownFileType = file.storyboard; name = Base; path = Base.lproj/Main.storyboard; sourceTree = "<group>"; };
		5A2A0F9F1AD8172F0055C254 /* Images.xcassets */ = {isa = PBXFileReference; lastKnownFileType = folder.assetcatalog; path = Images.xcassets; sourceTree = "<group>"; };
		5A2A0FA21AD8172F0055C254 /* Base */ = {isa = PBXFileReference; lastKnownFileType = file.xib; name = Base; path = Base.lproj/LaunchScreen.xib; sourceTree = "<group>"; };
		5A2A0FA81AD8172F0055C254 /* Complete iOS ToolkitTests.xctest */ = {isa = PBXFileReference; explicitFileType = wrapper.cfbundle; includeInIndex = 0; path = "Complete iOS ToolkitTests.xctest"; sourceTree = BUILT_PRODUCTS_DIR; };
		5A2A0FAD1AD8172F0055C254 /* Info.plist */ = {isa = PBXFileReference; lastKnownFileType = text.plist.xml; path = Info.plist; sourceTree = "<group>"; };
		5A2A0FAE1AD8172F0055C254 /* Complete_iOS_ToolkitTests.m */ = {isa = PBXFileReference; lastKnownFileType = sourcecode.c.objc; path = Complete_iOS_ToolkitTests.m; sourceTree = "<group>"; };
		5A88D0FD1ADD634F00A5E51E /* IAPHelper.h */ = {isa = PBXFileReference; fileEncoding = 4; lastKnownFileType = sourcecode.c.h; path = IAPHelper.h; sourceTree = "<group>"; };
		5A88D0FE1ADD634F00A5E51E /* IAPHelper.m */ = {isa = PBXFileReference; fileEncoding = 4; lastKnownFileType = sourcecode.c.objc; path = IAPHelper.m; sourceTree = "<group>"; };
		5A88D1001ADD637900A5E51E /* AppUserDefaults.h */ = {isa = PBXFileReference; fileEncoding = 4; lastKnownFileType = sourcecode.c.h; path = AppUserDefaults.h; sourceTree = "<group>"; };
		5A88D1011ADD637900A5E51E /* AppUserDefaults.m */ = {isa = PBXFileReference; fileEncoding = 4; lastKnownFileType = sourcecode.c.objc; path = AppUserDefaults.m; sourceTree = "<group>"; };
		5A88D1071ADE09E200A5E51E /* back.png */ = {isa = PBXFileReference; lastKnownFileType = image.png; path = back.png; sourceTree = "<group>"; };
		5A88D1081ADE09E200A5E51E /* forward.png */ = {isa = PBXFileReference; lastKnownFileType = image.png; path = forward.png; sourceTree = "<group>"; };
		5A88D1091ADE09E200A5E51E /* infobut.png */ = {isa = PBXFileReference; lastKnownFileType = image.png; path = infobut.png; sourceTree = "<group>"; };
		5A88D10A1ADE09E200A5E51E /* menu.png */ = {isa = PBXFileReference; lastKnownFileType = image.png; path = menu.png; sourceTree = "<group>"; };
		5A88D10B1ADE09E200A5E51E /* reload.png */ = {isa = PBXFileReference; lastKnownFileType = image.png; path = reload.png; sourceTree = "<group>"; };
		5A88D10C1ADE09E200A5E51E /* settings.png */ = {isa = PBXFileReference; lastKnownFileType = image.png; path = settings.png; sourceTree = "<group>"; };
		5A88D10D1ADE09E200A5E51E /* settingsbut.png */ = {isa = PBXFileReference; lastKnownFileType = image.png; path = settingsbut.png; sourceTree = "<group>"; };
		5A88D10E1ADE09E200A5E51E /* share.png */ = {isa = PBXFileReference; lastKnownFileType = image.png; path = share.png; sourceTree = "<group>"; };
		5A88D1171ADE0A1D00A5E51E /* background.png */ = {isa = PBXFileReference; lastKnownFileType = image.png; path = background.png; sourceTree = "<group>"; };
		5A88D1181ADE0A1D00A5E51E /* local.json */ = {isa = PBXFileReference; fileEncoding = 4; lastKnownFileType = text.json; path = local.json; sourceTree = "<group>"; };
		5A88D1191ADE0A1D00A5E51E /* logo.png */ = {isa = PBXFileReference; lastKnownFileType = image.png; path = logo.png; sourceTree = "<group>"; };
		5A88D11F1ADF2BB300A5E51E /* Default-568h.png */ = {isa = PBXFileReference; lastKnownFileType = image.png; path = "Default-568h.png"; sourceTree = "<group>"; };
		5A8E3B2F1ADCA67300D80401 /* iRate.bundle */ = {isa = PBXFileReference; lastKnownFileType = "wrapper.plug-in"; path = iRate.bundle; sourceTree = "<group>"; };
		5A8E3B301ADCA67300D80401 /* iRate.h */ = {isa = PBXFileReference; fileEncoding = 4; lastKnownFileType = sourcecode.c.h; path = iRate.h; sourceTree = "<group>"; };
		5A8E3B311ADCA67300D80401 /* iRate.m */ = {isa = PBXFileReference; fileEncoding = 4; lastKnownFileType = sourcecode.c.objc; path = iRate.m; sourceTree = "<group>"; };
		5A8E3B341ADCA69800D80401 /* GoogleMobileAds.framework */ = {isa = PBXFileReference; lastKnownFileType = wrapper.framework; path = GoogleMobileAds.framework; sourceTree = "<group>"; };
		5A8E3B351ADCA69800D80401 /* libAdapterIAd.a */ = {isa = PBXFileReference; lastKnownFileType = archive.ar; path = libAdapterIAd.a; sourceTree = "<group>"; };
		5A8E3B361ADCA69800D80401 /* README.txt */ = {isa = PBXFileReference; fileEncoding = 4; lastKnownFileType = text; path = README.txt; sourceTree = "<group>"; };
		5AD9228F1ADAD7C00004D0C7 /* AdSupport.framework */ = {isa = PBXFileReference; lastKnownFileType = wrapper.framework; name = AdSupport.framework; path = System/Library/Frameworks/AdSupport.framework; sourceTree = SDKROOT; };
		5AD922911ADAD7CD0004D0C7 /* AudioToolbox.framework */ = {isa = PBXFileReference; lastKnownFileType = wrapper.framework; name = AudioToolbox.framework; path = System/Library/Frameworks/AudioToolbox.framework; sourceTree = SDKROOT; };
		5AD922931ADAD7D50004D0C7 /* AVFoundation.framework */ = {isa = PBXFileReference; lastKnownFileType = wrapper.framework; name = AVFoundation.framework; path = System/Library/Frameworks/AVFoundation.framework; sourceTree = SDKROOT; };
		5AD922951ADAD7E50004D0C7 /* CoreGraphics.framework */ = {isa = PBXFileReference; lastKnownFileType = wrapper.framework; name = CoreGraphics.framework; path = System/Library/Frameworks/CoreGraphics.framework; sourceTree = SDKROOT; };
		5AD922971ADAD7EF0004D0C7 /* CoreMedia.framework */ = {isa = PBXFileReference; lastKnownFileType = wrapper.framework; name = CoreMedia.framework; path = System/Library/Frameworks/CoreMedia.framework; sourceTree = SDKROOT; };
		5AD922991ADAD7FD0004D0C7 /* CoreTelephony.framework */ = {isa = PBXFileReference; lastKnownFileType = wrapper.framework; name = CoreTelephony.framework; path = System/Library/Frameworks/CoreTelephony.framework; sourceTree = SDKROOT; };
		5AD9229B1ADAD8080004D0C7 /* EventKit.framework */ = {isa = PBXFileReference; lastKnownFileType = wrapper.framework; name = EventKit.framework; path = System/Library/Frameworks/EventKit.framework; sourceTree = SDKROOT; };
		5AD9229C1ADAD8080004D0C7 /* EventKitUI.framework */ = {isa = PBXFileReference; lastKnownFileType = wrapper.framework; name = EventKitUI.framework; path = System/Library/Frameworks/EventKitUI.framework; sourceTree = SDKROOT; };
		5AD9229F1ADAD8140004D0C7 /* MessageUI.framework */ = {isa = PBXFileReference; lastKnownFileType = wrapper.framework; name = MessageUI.framework; path = System/Library/Frameworks/MessageUI.framework; sourceTree = SDKROOT; };
		5AD922A11ADAD81F0004D0C7 /* StoreKit.framework */ = {isa = PBXFileReference; lastKnownFileType = wrapper.framework; name = StoreKit.framework; path = System/Library/Frameworks/StoreKit.framework; sourceTree = SDKROOT; };
		5AD922A31ADAD8300004D0C7 /* SystemConfiguration.framework */ = {isa = PBXFileReference; lastKnownFileType = wrapper.framework; name = SystemConfiguration.framework; path = System/Library/Frameworks/SystemConfiguration.framework; sourceTree = SDKROOT; };
		5AD922A51ADAD9810004D0C7 /* iAd.framework */ = {isa = PBXFileReference; lastKnownFileType = wrapper.framework; name = iAd.framework; path = System/Library/Frameworks/iAd.framework; sourceTree = SDKROOT; };
		5AD922B61ADAE8020004D0C7 /* PushController.h */ = {isa = PBXFileReference; fileEncoding = 4; lastKnownFileType = sourcecode.c.h; path = PushController.h; sourceTree = "<group>"; };
		5AD922B71ADAE8020004D0C7 /* PushController.m */ = {isa = PBXFileReference; fileEncoding = 4; lastKnownFileType = sourcecode.c.objc; path = PushController.m; sourceTree = "<group>"; };
/* End PBXFileReference section */

/* Begin PBXFrameworksBuildPhase section */
		5A2A0F891AD8172F0055C254 /* Frameworks */ = {
			isa = PBXFrameworksBuildPhase;
			buildActionMask = 2147483647;
			files = (
				5AD922A61ADAD9810004D0C7 /* iAd.framework in Frameworks */,
				5AD922A41ADAD8300004D0C7 /* SystemConfiguration.framework in Frameworks */,
				5A88D1271AE02B2700A5E51E /* GoogleMobileAds.framework in Frameworks */,
				5AD922A21ADAD81F0004D0C7 /* StoreKit.framework in Frameworks */,
				5AD922A01ADAD8140004D0C7 /* MessageUI.framework in Frameworks */,
				5AD9229D1ADAD8080004D0C7 /* EventKit.framework in Frameworks */,
				5AD9229E1ADAD8080004D0C7 /* EventKitUI.framework in Frameworks */,
				5AD9229A1ADAD7FD0004D0C7 /* CoreTelephony.framework in Frameworks */,
				5A88D1281AE02B2A00A5E51E /* libAdapterIAd.a in Frameworks */,
				5AD922981ADAD7EF0004D0C7 /* CoreMedia.framework in Frameworks */,
				5AD922961ADAD7E50004D0C7 /* CoreGraphics.framework in Frameworks */,
				5AD922941ADAD7D50004D0C7 /* AVFoundation.framework in Frameworks */,
				5AD922921ADAD7CD0004D0C7 /* AudioToolbox.framework in Frameworks */,
				5AD922901ADAD7C00004D0C7 /* AdSupport.framework in Frameworks */,
			);
			runOnlyForDeploymentPostprocessing = 0;
		};
		5A2A0FA51AD8172F0055C254 /* Frameworks */ = {
			isa = PBXFrameworksBuildPhase;
			buildActionMask = 2147483647;
			files = (
			);
			runOnlyForDeploymentPostprocessing = 0;
		};
/* End PBXFrameworksBuildPhase section */

/* Begin PBXGroup section */
		5A2A0F831AD8172F0055C254 = {
			isa = PBXGroup;
			children = (
				5A2A0F8E1AD8172F0055C254 /* Complete iOS Toolkit */,
				5A2A0FAB1AD8172F0055C254 /* Complete iOS ToolkitTests */,
				5AD922A71ADADF610004D0C7 /* Frameworks */,
				5A2A0F8D1AD8172F0055C254 /* Products */,
			);
			sourceTree = "<group>";
		};
		5A2A0F8D1AD8172F0055C254 /* Products */ = {
			isa = PBXGroup;
			children = (
				5A2A0F8C1AD8172F0055C254 /* Complete iOS Toolkit.app */,
				5A2A0FA81AD8172F0055C254 /* Complete iOS ToolkitTests.xctest */,
			);
			name = Products;
			sourceTree = "<group>";
		};
		5A2A0F8E1AD8172F0055C254 /* Complete iOS Toolkit */ = {
			isa = PBXGroup;
			children = (
				5A88D1051ADE091600A5E51E /* EDIT THESE FILES */,
				5AD922B51ADAE8020004D0C7 /* PushNotifications */,
				5AD9228A1ADAD71C0004D0C7 /* Admob */,
				5AD922821ADACF0C0004D0C7 /* iRate */,
				5A88D0FB1ADD624200A5E51E /* In App Purchase */,
				5A88D0FC1ADD633B00A5E51E /* Get JSON */,
				5A2A0F931AD8172F0055C254 /* AppDelegate.h */,
				5A2A0F941AD8172F0055C254 /* AppDelegate.m */,
				5A2A0F991AD8172F0055C254 /* ViewController.h */,
				5A2A0F9A1AD8172F0055C254 /* ViewController.m */,
				5A2A0F9C1AD8172F0055C254 /* Main.storyboard */,
				5A2A0F9F1AD8172F0055C254 /* Images.xcassets */,
				5A2A0FA11AD8172F0055C254 /* LaunchScreen.xib */,
				5A2A0F961AD8172F0055C254 /* Complete_iOS_Toolkit.xcdatamodeld */,
				5A88D1061ADE092E00A5E51E /* Images */,
				5A2A0F8F1AD8172F0055C254 /* Supporting Files */,
			);
			path = "Complete iOS Toolkit";
			sourceTree = "<group>";
		};
		5A2A0F8F1AD8172F0055C254 /* Supporting Files */ = {
			isa = PBXGroup;
			children = (
				5A2A0F901AD8172F0055C254 /* Info.plist */,
				5A2A0F911AD8172F0055C254 /* main.m */,
			);
			name = "Supporting Files";
			sourceTree = "<group>";
		};
		5A2A0FAB1AD8172F0055C254 /* Complete iOS ToolkitTests */ = {
			isa = PBXGroup;
			children = (
				5A2A0FAE1AD8172F0055C254 /* Complete_iOS_ToolkitTests.m */,
				5A2A0FAC1AD8172F0055C254 /* Supporting Files */,
			);
			path = "Complete iOS ToolkitTests";
			sourceTree = "<group>";
		};
		5A2A0FAC1AD8172F0055C254 /* Supporting Files */ = {
			isa = PBXGroup;
			children = (
				5A2A0FAD1AD8172F0055C254 /* Info.plist */,
			);
			name = "Supporting Files";
			sourceTree = "<group>";
		};
		5A88D0FB1ADD624200A5E51E /* In App Purchase */ = {
			isa = PBXGroup;
			children = (
				5A88D0FD1ADD634F00A5E51E /* IAPHelper.h */,
				5A88D0FE1ADD634F00A5E51E /* IAPHelper.m */,
			);
			path = "In App Purchase";
			sourceTree = "<group>";
		};
		5A88D0FC1ADD633B00A5E51E /* Get JSON */ = {
			isa = PBXGroup;
			children = (
				5A88D1001ADD637900A5E51E /* AppUserDefaults.h */,
				5A88D1011ADD637900A5E51E /* AppUserDefaults.m */,
			);
			path = "Get JSON";
			sourceTree = "<group>";
		};
		5A88D1051ADE091600A5E51E /* EDIT THESE FILES */ = {
			isa = PBXGroup;
			children = (
				5A88D1171ADE0A1D00A5E51E /* background.png */,
				5A88D1181ADE0A1D00A5E51E /* local.json */,
				5A88D1191ADE0A1D00A5E51E /* logo.png */,
			);
			path = "EDIT THESE FILES";
			sourceTree = "<group>";
		};
		5A88D1061ADE092E00A5E51E /* Images */ = {
			isa = PBXGroup;
			children = (
				5A88D11F1ADF2BB300A5E51E /* Default-568h.png */,
				5A88D1071ADE09E200A5E51E /* back.png */,
				5A88D1081ADE09E200A5E51E /* forward.png */,
				5A88D1091ADE09E200A5E51E /* infobut.png */,
				5A88D10A1ADE09E200A5E51E /* menu.png */,
				5A88D10B1ADE09E200A5E51E /* reload.png */,
				5A88D10C1ADE09E200A5E51E /* settings.png */,
				5A88D10D1ADE09E200A5E51E /* settingsbut.png */,
				5A88D10E1ADE09E200A5E51E /* share.png */,
			);
			path = Images;
			sourceTree = "<group>";
		};
		5AD922821ADACF0C0004D0C7 /* iRate */ = {
			isa = PBXGroup;
			children = (
				5A8E3B2F1ADCA67300D80401 /* iRate.bundle */,
				5A8E3B301ADCA67300D80401 /* iRate.h */,
				5A8E3B311ADCA67300D80401 /* iRate.m */,
			);
			path = iRate;
			sourceTree = "<group>";
		};
		5AD9228A1ADAD71C0004D0C7 /* Admob */ = {
			isa = PBXGroup;
			children = (
				5A8E3B341ADCA69800D80401 /* GoogleMobileAds.framework */,
				5A8E3B351ADCA69800D80401 /* libAdapterIAd.a */,
				5A8E3B361ADCA69800D80401 /* README.txt */,
			);
			path = Admob;
			sourceTree = "<group>";
		};
		5AD922A71ADADF610004D0C7 /* Frameworks */ = {
			isa = PBXGroup;
			children = (
				5AD922A51ADAD9810004D0C7 /* iAd.framework */,
				5AD922A31ADAD8300004D0C7 /* SystemConfiguration.framework */,
				5AD922A11ADAD81F0004D0C7 /* StoreKit.framework */,
				5AD9229F1ADAD8140004D0C7 /* MessageUI.framework */,
				5AD9229B1ADAD8080004D0C7 /* EventKit.framework */,
				5AD9229C1ADAD8080004D0C7 /* EventKitUI.framework */,
				5AD922991ADAD7FD0004D0C7 /* CoreTelephony.framework */,
				5AD922971ADAD7EF0004D0C7 /* CoreMedia.framework */,
				5AD922951ADAD7E50004D0C7 /* CoreGraphics.framework */,
				5AD922931ADAD7D50004D0C7 /* AVFoundation.framework */,
				5AD922911ADAD7CD0004D0C7 /* AudioToolbox.framework */,
				5AD9228F1ADAD7C00004D0C7 /* AdSupport.framework */,
			);
			name = Frameworks;
			sourceTree = "<group>";
		};
		5AD922B51ADAE8020004D0C7 /* PushNotifications */ = {
			isa = PBXGroup;
			children = (
				5AD922B61ADAE8020004D0C7 /* PushController.h */,
				5AD922B71ADAE8020004D0C7 /* PushController.m */,
			);
			path = PushNotifications;
			sourceTree = "<group>";
		};
/* End PBXGroup section */

/* Begin PBXNativeTarget section */
		5A2A0F8B1AD8172F0055C254 /* Complete iOS Toolkit */ = {
			isa = PBXNativeTarget;
			buildConfigurationList = 5A2A0FB21AD8172F0055C254 /* Build configuration list for PBXNativeTarget "Complete iOS Toolkit" */;
			buildPhases = (
				5A2A0F881AD8172F0055C254 /* Sources */,
				5A2A0F891AD8172F0055C254 /* Frameworks */,
				5A2A0F8A1AD8172F0055C254 /* Resources */,
			);
			buildRules = (
			);
			dependencies = (
			);
			name = "Complete iOS Toolkit";
			productName = "Complete iOS Toolkit";
			productReference = 5A2A0F8C1AD8172F0055C254 /* Complete iOS Toolkit.app */;
			productType = "com.apple.product-type.application";
		};
		5A2A0FA71AD8172F0055C254 /* Complete iOS ToolkitTests */ = {
			isa = PBXNativeTarget;
			buildConfigurationList = 5A2A0FB51AD8172F0055C254 /* Build configuration list for PBXNativeTarget "Complete iOS ToolkitTests" */;
			buildPhases = (
				5A2A0FA41AD8172F0055C254 /* Sources */,
				5A2A0FA51AD8172F0055C254 /* Frameworks */,
				5A2A0FA61AD8172F0055C254 /* Resources */,
			);
			buildRules = (
			);
			dependencies = (
				5A2A0FAA1AD8172F0055C254 /* PBXTargetDependency */,
			);
			name = "Complete iOS ToolkitTests";
			productName = "Complete iOS ToolkitTests";
			productReference = 5A2A0FA81AD8172F0055C254 /* Complete iOS ToolkitTests.xctest */;
			productType = "com.apple.product-type.bundle.unit-test";
		};
/* End PBXNativeTarget section */

/* Begin PBXProject section */
		5A2A0F841AD8172F0055C254 /* Project object */ = {
			isa = PBXProject;
			attributes = {
				LastUpgradeCheck = 0610;
				ORGANIZATIONNAME = "Nick Culbertson";
				TargetAttributes = {
					5A2A0F8B1AD8172F0055C254 = {
						CreatedOnToolsVersion = 6.1.1;
					};
					5A2A0FA71AD8172F0055C254 = {
						CreatedOnToolsVersion = 6.1.1;
						TestTargetID = 5A2A0F8B1AD8172F0055C254;
					};
				};
			};
			buildConfigurationList = 5A2A0F871AD8172F0055C254 /* Build configuration list for PBXProject "Complete iOS Toolkit" */;
			compatibilityVersion = "Xcode 3.2";
			developmentRegion = English;
			hasScannedForEncodings = 0;
			knownRegions = (
				en,
				Base,
			);
			mainGroup = 5A2A0F831AD8172F0055C254;
			productRefGroup = 5A2A0F8D1AD8172F0055C254 /* Products */;
			projectDirPath = "";
			projectRoot = "";
			targets = (
				5A2A0F8B1AD8172F0055C254 /* Complete iOS Toolkit */,
				5A2A0FA71AD8172F0055C254 /* Complete iOS ToolkitTests */,
			);
		};
/* End PBXProject section */

/* Begin PBXResourcesBuildPhase section */
		5A2A0F8A1AD8172F0055C254 /* Resources */ = {
			isa = PBXResourcesBuildPhase;
			buildActionMask = 2147483647;
			files = (
				5A8E3B391ADCA69800D80401 /* README.txt in Resources */,
				5A88D1131ADE09E200A5E51E /* reload.png in Resources */,
				5A88D1151ADE09E200A5E51E /* settingsbut.png in Resources */,
				5A2A0F9E1AD8172F0055C254 /* Main.storyboard in Resources */,
				5A88D10F1ADE09E200A5E51E /* back.png in Resources */,
				5A2A0FA31AD8172F0055C254 /* LaunchScreen.xib in Resources */,
				5A8E3B321ADCA67300D80401 /* iRate.bundle in Resources */,
				5A88D1141ADE09E200A5E51E /* settings.png in Resources */,
				5A2A0FA01AD8172F0055C254 /* Images.xcassets in Resources */,
				5A88D1201ADF2BB300A5E51E /* Default-568h.png in Resources */,
				5A88D11A1ADE0A1D00A5E51E /* background.png in Resources */,
				5A88D1121ADE09E200A5E51E /* menu.png in Resources */,
				5A88D1111ADE09E200A5E51E /* infobut.png in Resources */,
				5A88D11C1ADE0A1D00A5E51E /* logo.png in Resources */,
				5A88D1101ADE09E200A5E51E /* forward.png in Resources */,
				5A88D11B1ADE0A1D00A5E51E /* local.json in Resources */,
				5A88D1161ADE09E200A5E51E /* share.png in Resources */,
			);
			runOnlyForDeploymentPostprocessing = 0;
		};
		5A2A0FA61AD8172F0055C254 /* Resources */ = {
			isa = PBXResourcesBuildPhase;
			buildActionMask = 2147483647;
			files = (
			);
			runOnlyForDeploymentPostprocessing = 0;
		};
/* End PBXResourcesBuildPhase section */

/* Begin PBXSourcesBuildPhase section */
		5A2A0F881AD8172F0055C254 /* Sources */ = {
			isa = PBXSourcesBuildPhase;
			buildActionMask = 2147483647;
			files = (
				5A2A0F951AD8172F0055C254 /* AppDelegate.m in Sources */,
				5A8E3B331ADCA67300D80401 /* iRate.m in Sources */,
				5A88D0FF1ADD634F00A5E51E /* IAPHelper.m in Sources */,
				5AD922B81ADAE8020004D0C7 /* PushController.m in Sources */,
				5A88D1021ADD637900A5E51E /* AppUserDefaults.m in Sources */,
				5A2A0F921AD8172F0055C254 /* main.m in Sources */,
				5A2A0F9B1AD8172F0055C254 /* ViewController.m in Sources */,
				5A2A0F981AD8172F0055C254 /* Complete_iOS_Toolkit.xcdatamodeld in Sources */,
			);
			runOnlyForDeploymentPostprocessing = 0;
		};
		5A2A0FA41AD8172F0055C254 /* Sources */ = {
			isa = PBXSourcesBuildPhase;
			buildActionMask = 2147483647;
			files = (
				5A2A0FAF1AD8172F0055C254 /* Complete_iOS_ToolkitTests.m in Sources */,
			);
			runOnlyForDeploymentPostprocessing = 0;
		};
/* End PBXSourcesBuildPhase section */

/* Begin PBXTargetDependency section */
		5A2A0FAA1AD8172F0055C254 /* PBXTargetDependency */ = {
			isa = PBXTargetDependency;
			target = 5A2A0F8B1AD8172F0055C254 /* Complete iOS Toolkit */;
			targetProxy = 5A2A0FA91AD8172F0055C254 /* PBXContainerItemProxy */;
		};
/* End PBXTargetDependency section */

/* Begin PBXVariantGroup section */
		5A2A0F9C1AD8172F0055C254 /* Main.storyboard */ = {
			isa = PBXVariantGroup;
			children = (
				5A2A0F9D1AD8172F0055C254 /* Base */,
			);
			name = Main.storyboard;
			sourceTree = "<group>";
		};
		5A2A0FA11AD8172F0055C254 /* LaunchScreen.xib */ = {
			isa = PBXVariantGroup;
			children = (
				5A2A0FA21AD8172F0055C254 /* Base */,
			);
			name = LaunchScreen.xib;
			sourceTree = "<group>";
		};
/* End PBXVariantGroup section */

/* Begin XCBuildConfiguration section */
		5A2A0FB01AD8172F0055C254 /* Debug */ = {
			isa = XCBuildConfiguration;
			buildSettings = {
				ALWAYS_SEARCH_USER_PATHS = NO;
				CLANG_CXX_LANGUAGE_STANDARD = "gnu++0x";
				CLANG_CXX_LIBRARY = "libc++";
				CLANG_ENABLE_MODULES = YES;
				CLANG_ENABLE_OBJC_ARC = YES;
				CLANG_WARN_BOOL_CONVERSION = YES;
				CLANG_WARN_CONSTANT_CONVERSION = YES;
				CLANG_WARN_DIRECT_OBJC_ISA_USAGE = YES_ERROR;
				CLANG_WARN_EMPTY_BODY = YES;
				CLANG_WARN_ENUM_CONVERSION = YES;
				CLANG_WARN_INT_CONVERSION = YES;
				CLANG_WARN_OBJC_ROOT_CLASS = YES_ERROR;
				CLANG_WARN_UNREACHABLE_CODE = YES;
				CLANG_WARN__DUPLICATE_METHOD_MATCH = YES;
				"CODE_SIGN_IDENTITY[sdk=iphoneos*]" = "iPhone Developer";
				COPY_PHASE_STRIP = NO;
				ENABLE_STRICT_OBJC_MSGSEND = YES;
				GCC_C_LANGUAGE_STANDARD = gnu99;
				GCC_DYNAMIC_NO_PIC = NO;
				GCC_OPTIMIZATION_LEVEL = 0;
				GCC_PREPROCESSOR_DEFINITIONS = (
					"DEBUG=1",
					"$(inherited)",
				);
				GCC_SYMBOLS_PRIVATE_EXTERN = NO;
				GCC_WARN_64_TO_32_BIT_CONVERSION = YES;
				GCC_WARN_ABOUT_RETURN_TYPE = YES_ERROR;
				GCC_WARN_UNDECLARED_SELECTOR = YES;
				GCC_WARN_UNINITIALIZED_AUTOS = YES_AGGRESSIVE;
				GCC_WARN_UNUSED_FUNCTION = YES;
				GCC_WARN_UNUSED_VARIABLE = YES;
				IPHONEOS_DEPLOYMENT_TARGET = 8.1;
				MTL_ENABLE_DEBUG_INFO = YES;
				ONLY_ACTIVE_ARCH = YES;
				SDKROOT = iphoneos;
				TARGETED_DEVICE_FAMILY = "1,2";
			};
			name = Debug;
		};
		5A2A0FB11AD8172F0055C254 /* Release */ = {
			isa = XCBuildConfiguration;
			buildSettings = {
				ALWAYS_SEARCH_USER_PATHS = NO;
				CLANG_CXX_LANGUAGE_STANDARD = "gnu++0x";
				CLANG_CXX_LIBRARY = "libc++";
				CLANG_ENABLE_MODULES = YES;
				CLANG_ENABLE_OBJC_ARC = YES;
				CLANG_WARN_BOOL_CONVERSION = YES;
				CLANG_WARN_CONSTANT_CONVERSION = YES;
				CLANG_WARN_DIRECT_OBJC_ISA_USAGE = YES_ERROR;
				CLANG_WARN_EMPTY_BODY = YES;
				CLANG_WARN_ENUM_CONVERSION = YES;
				CLANG_WARN_INT_CONVERSION = YES;
				CLANG_WARN_OBJC_ROOT_CLASS = YES_ERROR;
				CLANG_WARN_UNREACHABLE_CODE = YES;
				CLANG_WARN__DUPLICATE_METHOD_MATCH = YES;
				"CODE_SIGN_IDENTITY[sdk=iphoneos*]" = "iPhone Developer";
				COPY_PHASE_STRIP = YES;
				ENABLE_NS_ASSERTIONS = NO;
				ENABLE_STRICT_OBJC_MSGSEND = YES;
				GCC_C_LANGUAGE_STANDARD = gnu99;
				GCC_WARN_64_TO_32_BIT_CONVERSION = YES;
				GCC_WARN_ABOUT_RETURN_TYPE = YES_ERROR;
				GCC_WARN_UNDECLARED_SELECTOR = YES;
				GCC_WARN_UNINITIALIZED_AUTOS = YES_AGGRESSIVE;
				GCC_WARN_UNUSED_FUNCTION = YES;
				GCC_WARN_UNUSED_VARIABLE = YES;
				IPHONEOS_DEPLOYMENT_TARGET = 8.1;
				MTL_ENABLE_DEBUG_INFO = NO;
				SDKROOT = iphoneos;
				TARGETED_DEVICE_FAMILY = "1,2";
				VALIDATE_PRODUCT = YES;
			};
			name = Release;
		};
		5A2A0FB31AD8172F0055C254 /* Debug */ = {
			isa = XCBuildConfiguration;
			buildSettings = {
				ASSETCATALOG_COMPILER_APPICON_NAME = AppIcon;
				FRAMEWORK_SEARCH_PATHS = "";
				INFOPLIST_FILE = "Complete iOS Toolkit/Info.plist";
				IPHONEOS_DEPLOYMENT_TARGET = 7.0;
				LD_RUNPATH_SEARCH_PATHS = "$(inherited) @executable_path/Frameworks";
				LIBRARY_SEARCH_PATHS = "";
				OTHER_LDFLAGS = "-ObjC";
				PRODUCT_NAME = "$(TARGET_NAME)";
			};
			name = Debug;
		};
		5A2A0FB41AD8172F0055C254 /* Release */ = {
			isa = XCBuildConfiguration;
			buildSettings = {
				ASSETCATALOG_COMPILER_APPICON_NAME = AppIcon;
				FRAMEWORK_SEARCH_PATHS = "";
				INFOPLIST_FILE = "Complete iOS Toolkit/Info.plist";
				IPHONEOS_DEPLOYMENT_TARGET = 7.0;
				LD_RUNPATH_SEARCH_PATHS = "$(inherited) @executable_path/Frameworks";
				LIBRARY_SEARCH_PATHS = "";
				OTHER_LDFLAGS = "-ObjC";
				PRODUCT_NAME = "$(TARGET_NAME)";
			};
			name = Release;
		};
		5A2A0FB61AD8172F0055C254 /* Debug */ = {
			isa = XCBuildConfiguration;
			buildSettings = {
				BUNDLE_LOADER = "$(TEST_HOST)";
				FRAMEWORK_SEARCH_PATHS = (
					"$(SDKROOT)/Developer/Library/Frameworks",
					"$(inherited)",
				);
				GCC_PREPROCESSOR_DEFINITIONS = (
					"DEBUG=1",
					"$(inherited)",
				);
				INFOPLIST_FILE = "Complete iOS ToolkitTests/Info.plist";
				LD_RUNPATH_SEARCH_PATHS = "$(inherited) @executable_path/Frameworks @loader_path/Frameworks";
				PRODUCT_NAME = "$(TARGET_NAME)";
				TEST_HOST = "$(BUILT_PRODUCTS_DIR)/Complete iOS Toolkit.app/Complete iOS Toolkit";
			};
			name = Debug;
		};
		5A2A0FB71AD8172F0055C254 /* Release */ = {
			isa = XCBuildConfiguration;
			buildSettings = {
				BUNDLE_LOADER = "$(TEST_HOST)";
				FRAMEWORK_SEARCH_PATHS = (
					"$(SDKROOT)/Developer/Library/Frameworks",
					"$(inherited)",
				);
				INFOPLIST_FILE = "Complete iOS ToolkitTests/Info.plist";
				LD_RUNPATH_SEARCH_PATHS = "$(inherited) @executable_path/Frameworks @loader_path/Frameworks";
				PRODUCT_NAME = "$(TARGET_NAME)";
				TEST_HOST = "$(BUILT_PRODUCTS_DIR)/Complete iOS Toolkit.app/Complete iOS Toolkit";
			};
			name = Release;
		};
/* End XCBuildConfiguration section */

/* Begin XCConfigurationList section */
		5A2A0F871AD8172F0055C254 /* Build configuration list for PBXProject "Complete iOS Toolkit" */ = {
			isa = XCConfigurationList;
			buildConfigurations = (
				5A2A0FB01AD8172F0055C254 /* Debug */,
				5A2A0FB11AD8172F0055C254 /* Release */,
			);
			defaultConfigurationIsVisible = 0;
			defaultConfigurationName = Release;
		};
		5A2A0FB21AD8172F0055C254 /* Build configuration list for PBXNativeTarget "Complete iOS Toolkit" */ = {
			isa = XCConfigurationList;
			buildConfigurations = (
				5A2A0FB31AD8172F0055C254 /* Debug */,
				5A2A0FB41AD8172F0055C254 /* Release */,
			);
			defaultConfigurationIsVisible = 0;
			defaultConfigurationName = Release;
		};
		5A2A0FB51AD8172F0055C254 /* Build configuration list for PBXNativeTarget "Complete iOS ToolkitTests" */ = {
			isa = XCConfigurationList;
			buildConfigurations = (
				5A2A0FB61AD8172F0055C254 /* Debug */,
				5A2A0FB71AD8172F0055C254 /* Release */,
			);
			defaultConfigurationIsVisible = 0;
			defaultConfigurationName = Release;
		};
/* End XCConfigurationList section */

/* Begin XCVersionGroup section */
		5A2A0F961AD8172F0055C254 /* Complete_iOS_Toolkit.xcdatamodeld */ = {
			isa = XCVersionGroup;
			children = (
				5A2A0F971AD8172F0055C254 /* Complete_iOS_Toolkit.xcdatamodel */,
			);
			currentVersion = 5A2A0F971AD8172F0055C254 /* Complete_iOS_Toolkit.xcdatamodel */;
			path = Complete_iOS_Toolkit.xcdatamodeld;
			sourceTree = "<group>";
			versionGroupType = wrapper.xcdatamodel;
		};
/* End XCVersionGroup section */
	};
	rootObject = 5A2A0F841AD8172F0055C254 /* Project object */;
}
